
Microsoft Visual Studio Solution File, Format Version 12.00
# Visual Studio 14
VisualStudioVersion = 14.0.25420.1
MinimumVisualStudioVersion = 10.0.40219.1
Project("{8BC9CEB8-8B4A-11D0-8D11-00A0C91BC942}") = "sample", "sample\sample.vcxproj", "{FA43B9E5-D2C7-4363-B75F-5ADF8AF34BEA}"
EndProject
Project("{8BC9CEB8-8B4A-11D0-8D11-00A0C91BC942}") = "sample2", "sample2\sample2.vcxproj", "{2E5F4079-E02E-4438-B867-9209919FC7D5}"
EndProject
Global
	GlobalSection(SolutionConfigurationPlatforms) = preSolution
		Debug|x64 = Debug|x64
		Debug|x86 = Debug|x86
		Release|x64 = Release|x64
		Release|x86 = Release|x86
	EndGlobalSection
	GlobalSection(ProjectConfigurationPlatforms) = postSolution
		{FA43B9E5-D2C7-4363-B75F-5ADF8AF34BEA}.Debug|x64.ActiveCfg = Debug|x64
		{FA43B9E5-D2C7-4363-B75F-5ADF8AF34BEA}.Debug|x64.Build.0 = Debug|x64
		{FA43B9E5-D2C7-4363-B75F-5ADF8AF34BEA}.Debug|x86.ActiveCfg = Debug|Win32
		{FA43B9E5-D2C7-4363-B75F-5ADF8AF34BEA}.Debug|x86.Build.0 = Debug|Win32
		{FA43B9E5-D2C7-4363-B75F-5ADF8AF34BEA}.Release|x64.ActiveCfg = Release|x64
		{FA43B9E5-D2C7-4363-B75F-5ADF8AF34BEA}.Release|x64.Build.0 = Release|x64
		{FA43B9E5-D2C7-4363-B75F-5ADF8AF34BEA}.Release|x86.ActiveCfg = Release|Win32
		{FA43B9E5-D2C7-4363-B75F-5ADF8AF34BEA}.Release|x86.Build.0 = Release|Win32
		{2E5F4079-E02E-4438-B867-9209919FC7D5}.Debug|x64.ActiveCfg = Debug|x64
		{2E5F4079-E02E-4438-B867-9209919FC7D5}.Debug|x64.Build.0 = Debug|x64
		{2E5F4079-E02E-4438-B867-9209919FC7D5}.Debug|x86.ActiveCfg = Debug|Win32
		{2E5F4079-E02E-4438-B867-9209919FC7D5}.Debug|x86.Build.0 = Debug|Win32
		{2E5F4079-E02E-4438-B867-9209919FC7D5}.Release|x64.ActiveCfg = Release|x64
		{2E5F4079-E02E-4438-B867-9209919FC7D5}.Release|x64.Build.0 = Release|x64
		{2E5F4079-E02E-4438-B867-9209919FC7D5}.Release|x86.ActiveCfg = Release|Win32
		{2E5F4079-E02E-4438-B867-9209919FC7D5}.Release|x86.Build.0 = Release|Win32
	EndGlobalSection
	GlobalSection(SolutionProperties) = preSolution
		HideSolutionNode = FALSE
	EndGlobalSection
EndGlobal
